
Microsoft Visual Studio Solution File, Format Version 12.00
# Visual Studio 2013
VisualStudioVersion = 12.0.21005.1
MinimumVisualStudioVersion = 10.0.40219.1
Project("{FAE04EC0-301F-11D3-BF4B-00C04F79EFBC}") = "myField", "myField\myField.csproj", "{842610E4-8455-4FE3-9E55-7042F5B81057}"
EndProject
Project("{FAE04EC0-301F-11D3-BF4B-00C04F79EFBC}") = "Models", "Models\Models.csproj", "{36C34EB1-223B-48C1-99CE-4AE0B382621C}"
EndProject
Global
	GlobalSection(SolutionConfigurationPlatforms) = preSolution
		Debug|Any CPU = Debug|Any CPU
		Release|Any CPU = Release|Any CPU
	EndGlobalSection
	GlobalSection(ProjectConfigurationPlatforms) = postSolution
		{842610E4-8455-4FE3-9E55-7042F5B81057}.Debug|Any CPU.ActiveCfg = Debug|Any CPU
		{842610E4-8455-4FE3-9E55-7042F5B81057}.Debug|Any CPU.Build.0 = Debug|Any CPU
		{842610E4-8455-4FE3-9E55-7042F5B81057}.Release|Any CPU.ActiveCfg = Release|Any CPU
		{842610E4-8455-4FE3-9E55-7042F5B81057}.Release|Any CPU.Build.0 = Release|Any CPU
		{36C34EB1-223B-48C1-99CE-4AE0B382621C}.Debug|Any CPU.ActiveCfg = Debug|Any CPU
		{36C34EB1-223B-48C1-99CE-4AE0B382621C}.Debug|Any CPU.Build.0 = Debug|Any CPU
		{36C34EB1-223B-48C1-99CE-4AE0B382621C}.Release|Any CPU.ActiveCfg = Release|Any CPU
		{36C34EB1-223B-48C1-99CE-4AE0B382621C}.Release|Any CPU.Build.0 = Release|Any CPU
	EndGlobalSection
	GlobalSection(SolutionProperties) = preSolution
		HideSolutionNode = FALSE
	EndGlobalSection
EndGlobal
